Microsoft Visual Studio Solution File, Format Version 12.00
# Visual Studio 2012
VisualStudioVersion = 12.0.0.0
MinimumVisualStudioVersion = 10.0.0.1
Project("{FAE04EC0-301F-11D3-BF4B-00C04F79EFBC}") = "Sphereon.SDK.Xillio.Engine", "src\Sphereon.SDK.Xillio.Engine\Sphereon.SDK.Xillio.Engine.csproj", "{FFC26424-4CD2-4559-B26F-8E3AD0EE120A}"
EndProject
Project("{FAE04EC0-301F-11D3-BF4B-00C04F79EFBC}") = "Sphereon.SDK.Xillio.Engine.Test", "src\Sphereon.SDK.Xillio.Engine.Test\Sphereon.SDK.Xillio.Engine.Test.csproj", "{19F1DEBC-DE5E-4517-8062-F000CD499087}"
EndProject
Global
GlobalSection(SolutionConfigurationPlatforms) = preSolution
Debug|Any CPU = Debug|Any CPU
Release|Any CPU = Release|Any CPU
EndGlobalSection
GlobalSection(ProjectConfigurationPlatforms) = postSolution
{FFC26424-4CD2-4559-B26F-8E3AD0EE120A}.Debug|Any CPU.ActiveCfg = Debug|Any CPU
{FFC26424-4CD2-4559-B26F-8E3AD0EE120A}.Debug|Any CPU.Build.0 = Debug|Any CPU
{FFC26424-4CD2-4559-B26F-8E3AD0EE120A}.Release|Any CPU.ActiveCfg = Release|Any CPU
{FFC26424-4CD2-4559-B26F-8E3AD0EE120A}.Release|Any CPU.Build.0 = Release|Any CPU
{19F1DEBC-DE5E-4517-8062-F000CD499087}.Debug|Any CPU.ActiveCfg = Debug|Any CPU
{19F1DEBC-DE5E-4517-8062-F000CD499087}.Debug|Any CPU.Build.0 = Debug|Any CPU
{19F1DEBC-DE5E-4517-8062-F000CD499087}.Release|Any CPU.ActiveCfg = Release|Any CPU
{19F1DEBC-DE5E-4517-8062-F000CD499087}.Release|Any CPU.Build.0 = Release|Any CPU
EndGlobalSection
GlobalSection(SolutionProperties) = preSolution
HideSolutionNode = FALSE
EndGlobalSection
EndGlobal